
Microsoft Visual Studio Solution File, Format Version 12.00
# Visual Studio Version 17
VisualStudioVersion = 17.6.33723.286
MinimumVisualStudioVersion = 10.0.40219.1
Project("{FAE04EC0-301F-11D3-BF4B-00C04F79EFBC}") = "ConsoleApp2", "ConsoleApp2\ConsoleApp2.csproj", "{DC1EE5EC-648B-4DB6-9A7E-EA9BDB9B3CBE}"
EndProject
Global
	GlobalSection(SolutionConfigurationPlatforms) = preSolution
		Debug|Any CPU = Debug|Any CPU
		Release|Any CPU = Release|Any CPU
	EndGlobalSection
	GlobalSection(ProjectConfigurationPlatforms) = postSolution
		{DC1EE5EC-648B-4DB6-9A7E-EA9BDB9B3CBE}.Debug|Any CPU.ActiveCfg = Debug|Any CPU
		{DC1EE5EC-648B-4DB6-9A7E-EA9BDB9B3CBE}.Debug|Any CPU.Build.0 = Debug|Any CPU
		{DC1EE5EC-648B-4DB6-9A7E-EA9BDB9B3CBE}.Release|Any CPU.ActiveCfg = Release|Any CPU
		{DC1EE5EC-648B-4DB6-9A7E-EA9BDB9B3CBE}.Release|Any CPU.Build.0 = Release|Any CPU
	EndGlobalSection
	GlobalSection(SolutionProperties) = preSolution
		HideSolutionNode = FALSE
	EndGlobalSection
	GlobalSection(ExtensibilityGlobals) = postSolution
		SolutionGuid = {F58C6C44-02A7-4189-90B3-C6DE5E02EA27}
	EndGlobalSection
EndGlobal
